// !$*UTF8*$!
{
	archiveVersion = 1;
	classes = {
	};
	objectVersion = 46;
	objects = {

/* Begin PBXBuildFile section */
		830940531CC1AF8A0094095D /* LoginViewController.swift in Sources */ = {isa = PBXBuildFile; fileRef = 830940521CC1AF8A0094095D /* LoginViewController.swift */; settings = {ASSET_TAGS = (); }; };
		832559651CC04B4C00C937D9 /* AppDelegate.swift in Sources */ = {isa = PBXBuildFile; fileRef = 832559641CC04B4C00C937D9 /* AppDelegate.swift */; };
		832559671CC04B4C00C937D9 /* HomeViewController.swift in Sources */ = {isa = PBXBuildFile; fileRef = 832559661CC04B4C00C937D9 /* HomeViewController.swift */; };
		8325596A1CC04B4C00C937D9 /* Main.storyboard in Resources */ = {isa = PBXBuildFile; fileRef = 832559681CC04B4C00C937D9 /* Main.storyboard */; };
		8325596C1CC04B4C00C937D9 /* Assets.xcassets in Resources */ = {isa = PBXBuildFile; fileRef = 8325596B1CC04B4C00C937D9 /* Assets.xcassets */; };
		8325596F1CC04B4C00C937D9 /* LaunchScreen.storyboard in Resources */ = {isa = PBXBuildFile; fileRef = 8325596D1CC04B4C00C937D9 /* LaunchScreen.storyboard */; };
		8325597A1CC04B4C00C937D9 /* Obligatorio1Tests.swift in Sources */ = {isa = PBXBuildFile; fileRef = 832559791CC04B4C00C937D9 /* Obligatorio1Tests.swift */; };
		832559851CC04B4C00C937D9 /* Obligatorio1UITests.swift in Sources */ = {isa = PBXBuildFile; fileRef = 832559841CC04B4C00C937D9 /* Obligatorio1UITests.swift */; };
		834A527D1CC85DC000C51B57 /* CuponsViewCellCustom.swift in Sources */ = {isa = PBXBuildFile; fileRef = 834A527C1CC85DC000C51B57 /* CuponsViewCellCustom.swift */; settings = {ASSET_TAGS = (); }; };
		834A527F1CC85E0A00C51B57 /* CuponsViewController.swift in Sources */ = {isa = PBXBuildFile; fileRef = 834A527E1CC85E0A00C51B57 /* CuponsViewController.swift */; settings = {ASSET_TAGS = (); }; };
		834A52811CC85E1600C51B57 /* Cupon.swift in Sources */ = {isa = PBXBuildFile; fileRef = 834A52801CC85E1600C51B57 /* Cupon.swift */; settings = {ASSET_TAGS = (); }; };
		834A52831CC85E3100C51B57 /* CuponViewController.swift in Sources */ = {isa = PBXBuildFile; fileRef = 834A52821CC85E3100C51B57 /* CuponViewController.swift */; settings = {ASSET_TAGS = (); }; };
/* End PBXBuildFile section */

/* Begin PBXContainerItemProxy section */
		832559761CC04B4C00C937D9 /* PBXContainerItemProxy */ = {
			isa = PBXContainerItemProxy;
			containerPortal = 832559591CC04B4C00C937D9 /* Project object */;
			proxyType = 1;
			remoteGlobalIDString = 832559601CC04B4C00C937D9;
			remoteInfo = Obligatorio1;
		};
		832559811CC04B4C00C937D9 /* PBXContainerItemProxy */ = {
			isa = PBXContainerItemProxy;
			containerPortal = 832559591CC04B4C00C937D9 /* Project object */;
			proxyType = 1;
			remoteGlobalIDString = 832559601CC04B4C00C937D9;
			remoteInfo = Obligatorio1;
		};
/* End PBXContainerItemProxy section */

/* Begin PBXFileReference section */
		830940521CC1AF8A0094095D /* LoginViewController.swift */ = {isa = PBXFileReference; fileEncoding = 4; lastKnownFileType = sourcecode.swift; path = LoginViewController.swift; sourceTree = "<group>"; };
		832559611CC04B4C00C937D9 /* Obligatorio1.app */ = {isa = PBXFileReference; explicitFileType = wrapper.application; includeInIndex = 0; path = Obligatorio1.app; sourceTree = BUILT_PRODUCTS_DIR; };
		832559641CC04B4C00C937D9 /* AppDelegate.swift */ = {isa = PBXFileReference; lastKnownFileType = sourcecode.swift; path = AppDelegate.swift; sourceTree = "<group>"; };
		832559661CC04B4C00C937D9 /* HomeViewController.swift */ = {isa = PBXFileReference; lastKnownFileType = sourcecode.swift; path = HomeViewController.swift; sourceTree = "<group>"; };
		832559691CC04B4C00C937D9 /* Base */ = {isa = PBXFileReference; lastKnownFileType = file.storyboard; name = Base; path = Base.lproj/Main.storyboard; sourceTree = "<group>"; };
		8325596B1CC04B4C00C937D9 /* Assets.xcassets */ = {isa = PBXFileReference; lastKnownFileType = folder.assetcatalog; path = Assets.xcassets; sourceTree = "<group>"; };
		8325596E1CC04B4C00C937D9 /* Base */ = {isa = PBXFileReference; lastKnownFileType = file.storyboard; name = Base; path = Base.lproj/LaunchScreen.storyboard; sourceTree = "<group>"; };
		832559701CC04B4C00C937D9 /* Info.plist */ = {isa = PBXFileReference; lastKnownFileType = text.plist.xml; path = Info.plist; sourceTree = "<group>"; };
		832559751CC04B4C00C937D9 /* Obligatorio1Tests.xctest */ = {isa = PBXFileReference; explicitFileType = wrapper.cfbundle; includeInIndex = 0; path = Obligatorio1Tests.xctest; sourceTree = BUILT_PRODUCTS_DIR; };
		832559791CC04B4C00C937D9 /* Obligatorio1Tests.swift */ = {isa = PBXFileReference; lastKnownFileType = sourcecode.swift; path = Obligatorio1Tests.swift; sourceTree = "<group>"; };
		8325597B1CC04B4C00C937D9 /* Info.plist */ = {isa = PBXFileReference; lastKnownFileType = text.plist.xml; path = Info.plist; sourceTree = "<group>"; };
		832559801CC04B4C00C937D9 /* Obligatorio1UITests.xctest */ = {isa = PBXFileReference; explicitFileType = wrapper.cfbundle; includeInIndex = 0; path = Obligatorio1UITests.xctest; sourceTree = BUILT_PRODUCTS_DIR; };
		832559841CC04B4C00C937D9 /* Obligatorio1UITests.swift */ = {isa = PBXFileReference; lastKnownFileType = sourcecode.swift; path = Obligatorio1UITests.swift; sourceTree = "<group>"; };
		832559861CC04B4C00C937D9 /* Info.plist */ = {isa = PBXFileReference; lastKnownFileType = text.plist.xml; path = Info.plist; sourceTree = "<group>"; };
		834A527C1CC85DC000C51B57 /* CuponsViewCellCustom.swift */ = {isa = PBXFileReference; fileEncoding = 4; lastKnownFileType = sourcecode.swift; name = CuponsViewCellCustom.swift; path = "../../../../Volumes/ Archivos SP16/ios/Patricia/tableView/CuponsViewCellCustom.swift"; sourceTree = "<group>"; };
		834A527E1CC85E0A00C51B57 /* CuponsViewController.swift */ = {isa = PBXFileReference; fileEncoding = 4; lastKnownFileType = sourcecode.swift; name = CuponsViewController.swift; path = "../../../../Volumes/ Archivos SP16/ios/Patricia/tableView/tableView/CuponsViewController.swift"; sourceTree = "<group>"; };
		834A52801CC85E1600C51B57 /* Cupon.swift */ = {isa = PBXFileReference; fileEncoding = 4; lastKnownFileType = sourcecode.swift; name = Cupon.swift; path = "../../../../Volumes/ Archivos SP16/ios/Patricia/tableView/tableView/Cupon.swift"; sourceTree = "<group>"; };
		834A52821CC85E3100C51B57 /* CuponViewController.swift */ = {isa = PBXFileReference; fileEncoding = 4; lastKnownFileType = sourcecode.swift; name = CuponViewController.swift; path = "../../../../Volumes/ Archivos SP16/ios/Patricia/tableView/tableView/CuponViewController.swift"; sourceTree = "<group>"; };
/* End PBXFileReference section */

/* Begin PBXFrameworksBuildPhase section */
		8325595E1CC04B4C00C937D9 /* Frameworks */ = {
			isa = PBXFrameworksBuildPhase;
			buildActionMask = 2147483647;
			files = (
			);
			runOnlyForDeploymentPostprocessing = 0;
		};
		832559721CC04B4C00C937D9 /* Frameworks */ = {
			isa = PBXFrameworksBuildPhase;
			buildActionMask = 2147483647;
			files = (
			);
			runOnlyForDeploymentPostprocessing = 0;
		};
		8325597D1CC04B4C00C937D9 /* Frameworks */ = {
			isa = PBXFrameworksBuildPhase;
			buildActionMask = 2147483647;
			files = (
			);
			runOnlyForDeploymentPostprocessing = 0;
		};
/* End PBXFrameworksBuildPhase section */

/* Begin PBXGroup section */
		832559581CC04B4C00C937D9 = {
			isa = PBXGroup;
			children = (
				832559631CC04B4C00C937D9 /* Obligatorio1 */,
				832559781CC04B4C00C937D9 /* Obligatorio1Tests */,
				832559831CC04B4C00C937D9 /* Obligatorio1UITests */,
				832559621CC04B4C00C937D9 /* Products */,
			);
			sourceTree = "<group>";
		};
		832559621CC04B4C00C937D9 /* Products */ = {
			isa = PBXGroup;
			children = (
				832559611CC04B4C00C937D9 /* Obligatorio1.app */,
				832559751CC04B4C00C937D9 /* Obligatorio1Tests.xctest */,
				832559801CC04B4C00C937D9 /* Obligatorio1UITests.xctest */,
			);
			name = Products;
			sourceTree = "<group>";
		};
		832559631CC04B4C00C937D9 /* Obligatorio1 */ = {
			isa = PBXGroup;
			children = (
				834A527E1CC85E0A00C51B57 /* CuponsViewController.swift */,
				834A52801CC85E1600C51B57 /* Cupon.swift */,
				834A52821CC85E3100C51B57 /* CuponViewController.swift */,
				834A527C1CC85DC000C51B57 /* CuponsViewCellCustom.swift */,
				832559641CC04B4C00C937D9 /* AppDelegate.swift */,
				832559661CC04B4C00C937D9 /* HomeViewController.swift */,
				832559681CC04B4C00C937D9 /* Main.storyboard */,
				8325596B1CC04B4C00C937D9 /* Assets.xcassets */,
				8325596D1CC04B4C00C937D9 /* LaunchScreen.storyboard */,
				832559701CC04B4C00C937D9 /* Info.plist */,
				830940521CC1AF8A0094095D /* LoginViewController.swift */,
			);
			path = Obligatorio1;
			sourceTree = "<group>";
		};
		832559781CC04B4C00C937D9 /* Obligatorio1Tests */ = {
			isa = PBXGroup;
			children = (
				832559791CC04B4C00C937D9 /* Obligatorio1Tests.swift */,
				8325597B1CC04B4C00C937D9 /* Info.plist */,
			);
			path = Obligatorio1Tests;
			sourceTree = "<group>";
		};
		832559831CC04B4C00C937D9 /* Obligatorio1UITests */ = {
			isa = PBXGroup;
			children = (
				832559841CC04B4C00C937D9 /* Obligatorio1UITests.swift */,
				832559861CC04B4C00C937D9 /* Info.plist */,
			);
			path = Obligatorio1UITests;
			sourceTree = "<group>";
		};
/* End PBXGroup section */

/* Begin PBXNativeTarget section */
		832559601CC04B4C00C937D9 /* Obligatorio1 */ = {
			isa = PBXNativeTarget;
			buildConfigurationList = 832559891CC04B4C00C937D9 /* Build configuration list for PBXNativeTarget "Obligatorio1" */;
			buildPhases = (
				8325595D1CC04B4C00C937D9 /* Sources */,
				8325595E1CC04B4C00C937D9 /* Frameworks */,
				8325595F1CC04B4C00C937D9 /* Resources */,
			);
			buildRules = (
			);
			dependencies = (
			);
			name = Obligatorio1;
			productName = Obligatorio1;
			productReference = 832559611CC04B4C00C937D9 /* Obligatorio1.app */;
			productType = "com.apple.product-type.application";
		};
		832559741CC04B4C00C937D9 /* Obligatorio1Tests */ = {
			isa = PBXNativeTarget;
			buildConfigurationList = 8325598C1CC04B4C00C937D9 /* Build configuration list for PBXNativeTarget "Obligatorio1Tests" */;
			buildPhases = (
				832559711CC04B4C00C937D9 /* Sources */,
				832559721CC04B4C00C937D9 /* Frameworks */,
				832559731CC04B4C00C937D9 /* Resources */,
			);
			buildRules = (
			);
			dependencies = (
				832559771CC04B4C00C937D9 /* PBXTargetDependency */,
			);
			name = Obligatorio1Tests;
			productName = Obligatorio1Tests;
			productReference = 832559751CC04B4C00C937D9 /* Obligatorio1Tests.xctest */;
			productType = "com.apple.product-type.bundle.unit-test";
		};
		8325597F1CC04B4C00C937D9 /* Obligatorio1UITests */ = {
			isa = PBXNativeTarget;
			buildConfigurationList = 8325598F1CC04B4C00C937D9 /* Build configuration list for PBXNativeTarget "Obligatorio1UITests" */;
			buildPhases = (
				8325597C1CC04B4C00C937D9 /* Sources */,
				8325597D1CC04B4C00C937D9 /* Frameworks */,
				8325597E1CC04B4C00C937D9 /* Resources */,
			);
			buildRules = (
			);
			dependencies = (
				832559821CC04B4C00C937D9 /* PBXTargetDependency */,
			);
			name = Obligatorio1UITests;
			productName = Obligatorio1UITests;
			productReference = 832559801CC04B4C00C937D9 /* Obligatorio1UITests.xctest */;
			productType = "com.apple.product-type.bundle.ui-testing";
		};
/* End PBXNativeTarget section */

/* Begin PBXProject section */
		832559591CC04B4C00C937D9 /* Project object */ = {
			isa = PBXProject;
			attributes = {
				LastUpgradeCheck = 0700;
				ORGANIZATIONNAME = MICHO;
				TargetAttributes = {
					832559601CC04B4C00C937D9 = {
						CreatedOnToolsVersion = 7.0.1;
					};
					832559741CC04B4C00C937D9 = {
						CreatedOnToolsVersion = 7.0.1;
						TestTargetID = 832559601CC04B4C00C937D9;
					};
					8325597F1CC04B4C00C937D9 = {
						CreatedOnToolsVersion = 7.0.1;
						TestTargetID = 832559601CC04B4C00C937D9;
					};
				};
			};
			buildConfigurationList = 8325595C1CC04B4C00C937D9 /* Build configuration list for PBXProject "Obligatorio1" */;
			compatibilityVersion = "Xcode 3.2";
			developmentRegion = English;
			hasScannedForEncodings = 0;
			knownRegions = (
				en,
				Base,
			);
			mainGroup = 832559581CC04B4C00C937D9;
			productRefGroup = 832559621CC04B4C00C937D9 /* Products */;
			projectDirPath = "";
			projectRoot = "";
			targets = (
				832559601CC04B4C00C937D9 /* Obligatorio1 */,
				832559741CC04B4C00C937D9 /* Obligatorio1Tests */,
				8325597F1CC04B4C00C937D9 /* Obligatorio1UITests */,
			);
		};
/* End PBXProject section */

/* Begin PBXResourcesBuildPhase section */
		8325595F1CC04B4C00C937D9 /* Resources */ = {
			isa = PBXResourcesBuildPhase;
			buildActionMask = 2147483647;
			files = (
				8325596F1CC04B4C00C937D9 /* LaunchScreen.storyboard in Resources */,
				8325596C1CC04B4C00C937D9 /* Assets.xcassets in Resources */,
				8325596A1CC04B4C00C937D9 /* Main.storyboard in Resources */,
			);
			runOnlyForDeploymentPostprocessing = 0;
		};
		832559731CC04B4C00C937D9 /* Resources */ = {
			isa = PBXResourcesBuildPhase;
			buildActionMask = 2147483647;
			files = (
			);
			runOnlyForDeploymentPostprocessing = 0;
		};
		8325597E1CC04B4C00C937D9 /* Resources */ = {
			isa = PBXResourcesBuildPhase;
			buildActionMask = 2147483647;
			files = (
			);
			runOnlyForDeploymentPostprocessing = 0;
		};
/* End PBXResourcesBuildPhase section */

/* Begin PBXSourcesBuildPhase section */
		8325595D1CC04B4C00C937D9 /* Sources */ = {
			isa = PBXSourcesBuildPhase;
			buildActionMask = 2147483647;
			files = (
				830940531CC1AF8A0094095D /* LoginViewController.swift in Sources */,
				832559671CC04B4C00C937D9 /* HomeViewController.swift in Sources */,
				834A527D1CC85DC000C51B57 /* CuponsViewCellCustom.swift in Sources */,
				834A52811CC85E1600C51B57 /* Cupon.swift in Sources */,
				834A52831CC85E3100C51B57 /* CuponViewController.swift in Sources */,
				834A527F1CC85E0A00C51B57 /* CuponsViewController.swift in Sources */,
				832559651CC04B4C00C937D9 /* AppDelegate.swift in Sources */,
			);
			runOnlyForDeploymentPostprocessing = 0;
		};
		832559711CC04B4C00C937D9 /* Sources */ = {
			isa = PBXSourcesBuildPhase;
			buildActionMask = 2147483647;
			files = (
				8325597A1CC04B4C00C937D9 /* Obligatorio1Tests.swift in Sources */,
			);
			runOnlyForDeploymentPostprocessing = 0;
		};
		8325597C1CC04B4C00C937D9 /* Sources */ = {
			isa = PBXSourcesBuildPhase;
			buildActionMask = 2147483647;
			files = (
				832559851CC04B4C00C937D9 /* Obligatorio1UITests.swift in Sources */,
			);
			runOnlyForDeploymentPostprocessing = 0;
		};
/* End PBXSourcesBuildPhase section */

/* Begin PBXTargetDependency section */
		832559771CC04B4C00C937D9 /* PBXTargetDependency */ = {
			isa = PBXTargetDependency;
			target = 832559601CC04B4C00C937D9 /* Obligatorio1 */;
			targetProxy = 832559761CC04B4C00C937D9 /* PBXContainerItemProxy */;
		};
		832559821CC04B4C00C937D9 /* PBXTargetDependency */ = {
			isa = PBXTargetDependency;
			target = 832559601CC04B4C00C937D9 /* Obligatorio1 */;
			targetProxy = 832559811CC04B4C00C937D9 /* PBXContainerItemProxy */;
		};
/* End PBXTargetDependency section */

/* Begin PBXVariantGroup section */
		832559681CC04B4C00C937D9 /* Main.storyboard */ = {
			isa = PBXVariantGroup;
			children = (
				832559691CC04B4C00C937D9 /* Base */,
			);
			name = Main.storyboard;
			sourceTree = "<group>";
		};
		8325596D1CC04B4C00C937D9 /* LaunchScreen.storyboard */ = {
			isa = PBXVariantGroup;
			children = (
				8325596E1CC04B4C00C937D9 /* Base */,
			);
			name = LaunchScreen.storyboard;
			sourceTree = "<group>";
		};
/* End PBXVariantGroup section */

/* Begin XCBuildConfiguration section */
		832559871CC04B4C00C937D9 /* Debug */ = {
			isa = XCBuildConfiguration;
			buildSettings = {
				ALWAYS_SEARCH_USER_PATHS = NO;
				CLANG_CXX_LANGUAGE_STANDARD = "gnu++0x";
				CLANG_CXX_LIBRARY = "libc++";
				CLANG_ENABLE_MODULES = YES;
				CLANG_ENABLE_OBJC_ARC = YES;
				CLANG_WARN_BOOL_CONVERSION = YES;
				CLANG_WARN_CONSTANT_CONVERSION = YES;
				CLANG_WARN_DIRECT_OBJC_ISA_USAGE = YES_ERROR;
				CLANG_WARN_EMPTY_BODY = YES;
				CLANG_WARN_ENUM_CONVERSION = YES;
				CLANG_WARN_INT_CONVERSION = YES;
				CLANG_WARN_OBJC_ROOT_CLASS = YES_ERROR;
				CLANG_WARN_UNREACHABLE_CODE = YES;
				CLANG_WARN__DUPLICATE_METHOD_MATCH = YES;
				"CODE_SIGN_IDENTITY[sdk=iphoneos*]" = "iPhone Developer";
				COPY_PHASE_STRIP = NO;
				DEBUG_INFORMATION_FORMAT = dwarf;
				ENABLE_STRICT_OBJC_MSGSEND = YES;
				ENABLE_TESTABILITY = YES;
				GCC_C_LANGUAGE_STANDARD = gnu99;
				GCC_DYNAMIC_NO_PIC = NO;
				GCC_NO_COMMON_BLOCKS = YES;
				GCC_OPTIMIZATION_LEVEL = 0;
				GCC_PREPROCESSOR_DEFINITIONS = (
					"DEBUG=1",
					"$(inherited)",
				);
				GCC_WARN_64_TO_32_BIT_CONVERSION = YES;
				GCC_WARN_ABOUT_RETURN_TYPE = YES_ERROR;
				GCC_WARN_UNDECLARED_SELECTOR = YES;
				GCC_WARN_UNINITIALIZED_AUTOS = YES_AGGRESSIVE;
				GCC_WARN_UNUSED_FUNCTION = YES;
				GCC_WARN_UNUSED_VARIABLE = YES;
				IPHONEOS_DEPLOYMENT_TARGET = 9.0;
				MTL_ENABLE_DEBUG_INFO = YES;
				ONLY_ACTIVE_ARCH = YES;
				SDKROOT = iphoneos;
				SWIFT_OPTIMIZATION_LEVEL = "-Onone";
			};
			name = Debug;
		};
		832559881CC04B4C00C937D9 /* Release */ = {
			isa = XCBuildConfiguration;
			buildSettings = {
				ALWAYS_SEARCH_USER_PATHS = NO;
				CLANG_CXX_LANGUAGE_STANDARD = "gnu++0x";
				CLANG_CXX_LIBRARY = "libc++";
				CLANG_ENABLE_MODULES = YES;
				CLANG_ENABLE_OBJC_ARC = YES;
				CLANG_WARN_BOOL_CONVERSION = YES;
				CLANG_WARN_CONSTANT_CONVERSION = YES;
				CLANG_WARN_DIRECT_OBJC_ISA_USAGE = YES_ERROR;
				CLANG_WARN_EMPTY_BODY = YES;
				CLANG_WARN_ENUM_CONVERSION = YES;
				CLANG_WARN_INT_CONVERSION = YES;
				CLANG_WARN_OBJC_ROOT_CLASS = YES_ERROR;
				CLANG_WARN_UNREACHABLE_CODE = YES;
				CLANG_WARN__DUPLICATE_METHOD_MATCH = YES;
				"CODE_SIGN_IDENTITY[sdk=iphoneos*]" = "iPhone Developer";
				COPY_PHASE_STRIP = NO;
				DEBUG_INFORMATION_FORMAT = "dwarf-with-dsym";
				ENABLE_NS_ASSERTIONS = NO;
				ENABLE_STRICT_OBJC_MSGSEND = YES;
				GCC_C_LANGUAGE_STANDARD = gnu99;
				GCC_NO_COMMON_BLOCKS = YES;
				GCC_WARN_64_TO_32_BIT_CONVERSION = YES;
				GCC_WARN_ABOUT_RETURN_TYPE = YES_ERROR;
				GCC_WARN_UNDECLARED_SELECTOR = YES;
				GCC_WARN_UNINITIALIZED_AUTOS = YES_AGGRESSIVE;
				GCC_WARN_UNUSED_FUNCTION = YES;
				GCC_WARN_UNUSED_VARIABLE = YES;
				IPHONEOS_DEPLOYMENT_TARGET = 9.0;
				MTL_ENABLE_DEBUG_INFO = NO;
				SDKROOT = iphoneos;
				VALIDATE_PRODUCT = YES;
			};
			name = Release;
		};
		8325598A1CC04B4C00C937D9 /* Debug */ = {
			isa = XCBuildConfiguration;
			buildSettings = {
				ASSETCATALOG_COMPILER_APPICON_NAME = AppIcon;
				INFOPLIST_FILE = Obligatorio1/Info.plist;
				LD_RUNPATH_SEARCH_PATHS = "$(inherited) @executable_path/Frameworks";
				PRODUCT_BUNDLE_IDENTIFIER = UCU.Obligatorio1;
				PRODUCT_NAME = "$(TARGET_NAME)";
			};
			name = Debug;
		};
		8325598B1CC04B4C00C937D9 /* Release */ = {
			isa = XCBuildConfiguration;
			buildSettings = {
				ASSETCATALOG_COMPILER_APPICON_NAME = AppIcon;
				INFOPLIST_FILE = Obligatorio1/Info.plist;
				LD_RUNPATH_SEARCH_PATHS = "$(inherited) @executable_path/Frameworks";
				PRODUCT_BUNDLE_IDENTIFIER = UCU.Obligatorio1;
				PRODUCT_NAME = "$(TARGET_NAME)";
			};
			name = Release;
		};
		8325598D1CC04B4C00C937D9 /* Debug */ = {
			isa = XCBuildConfiguration;
			buildSettings = {
				BUNDLE_LOADER = "$(TEST_HOST)";
				INFOPLIST_FILE = Obligatorio1Tests/Info.plist;
				LD_RUNPATH_SEARCH_PATHS = "$(inherited) @executable_path/Frameworks @loader_path/Frameworks";
				PRODUCT_BUNDLE_IDENTIFIER = UCU.Obligatorio1Tests;
				PRODUCT_NAME = "$(TARGET_NAME)";
				TEST_HOST = "$(BUILT_PRODUCTS_DIR)/Obligatorio1.app/Obligatorio1";
			};
			name = Debug;
		};
		8325598E1CC04B4C00C937D9 /* Release */ = {
			isa = XCBuildConfiguration;
			buildSettings = {
				BUNDLE_LOADER = "$(TEST_HOST)";
				INFOPLIST_FILE = Obligatorio1Tests/Info.plist;
				LD_RUNPATH_SEARCH_PATHS = "$(inherited) @executable_path/Frameworks @loader_path/Frameworks";
				PRODUCT_BUNDLE_IDENTIFIER = UCU.Obligatorio1Tests;
				PRODUCT_NAME = "$(TARGET_NAME)";
				TEST_HOST = "$(BUILT_PRODUCTS_DIR)/Obligatorio1.app/Obligatorio1";
			};
			name = Release;
		};
		832559901CC04B4C00C937D9 /* Debug */ = {
			isa = XCBuildConfiguration;
			buildSettings = {
				INFOPLIST_FILE = Obligatorio1UITests/Info.plist;
				LD_RUNPATH_SEARCH_PATHS = "$(inherited) @executable_path/Frameworks @loader_path/Frameworks";
				PRODUCT_BUNDLE_IDENTIFIER = UCU.Obligatorio1UITests;
				PRODUCT_NAME = "$(TARGET_NAME)";
				TEST_TARGET_NAME = Obligatorio1;
				USES_XCTRUNNER = YES;
			};
			name = Debug;
		};
		832559911CC04B4C00C937D9 /* Release */ = {
			isa = XCBuildConfiguration;
			buildSettings = {
				INFOPLIST_FILE = Obligatorio1UITests/Info.plist;
				LD_RUNPATH_SEARCH_PATHS = "$(inherited) @executable_path/Frameworks @loader_path/Frameworks";
				PRODUCT_BUNDLE_IDENTIFIER = UCU.Obligatorio1UITests;
				PRODUCT_NAME = "$(TARGET_NAME)";
				TEST_TARGET_NAME = Obligatorio1;
				USES_XCTRUNNER = YES;
			};
			name = Release;
		};
/* End XCBuildConfiguration section */

/* Begin XCConfigurationList section */
		8325595C1CC04B4C00C937D9 /* Build configuration list for PBXProject "Obligatorio1" */ = {
			isa = XCConfigurationList;
			buildConfigurations = (
				832559871CC04B4C00C937D9 /* Debug */,
				832559881CC04B4C00C937D9 /* Release */,
			);
			defaultConfigurationIsVisible = 0;
			defaultConfigurationName = Release;
		};
		832559891CC04B4C00C937D9 /* Build configuration list for PBXNativeTarget "Obligatorio1" */ = {
			isa = XCConfigurationList;
			buildConfigurations = (
				8325598A1CC04B4C00C937D9 /* Debug */,
				8325598B1CC04B4C00C937D9 /* Release */,
			);
			defaultConfigurationIsVisible = 0;
			defaultConfigurationName = Release;
		};
		8325598C1CC04B4C00C937D9 /* Build configuration list for PBXNativeTarget "Obligatorio1Tests" */ = {
			isa = XCConfigurationList;
			buildConfigurations = (
				8325598D1CC04B4C00C937D9 /* Debug */,
				8325598E1CC04B4C00C937D9 /* Release */,
			);
			defaultConfigurationIsVisible = 0;
			defaultConfigurationName = Release;
		};
		8325598F1CC04B4C00C937D9 /* Build configuration list for PBXNativeTarget "Obligatorio1UITests" */ = {
			isa = XCConfigurationList;
			buildConfigurations = (
				832559901CC04B4C00C937D9 /* Debug */,
				832559911CC04B4C00C937D9 /* Release */,
			);
			defaultConfigurationIsVisible = 0;
			defaultConfigurationName = Release;
		};
/* End XCConfigurationList section */
	};
	rootObject = 832559591CC04B4C00C937D9 /* Project object */;
}
